
Microsoft Visual Studio Solution File, Format Version 12.00
# Visual Studio 15
VisualStudioVersion = 15.0.27428.2037
MinimumVisualStudioVersion = 10.0.40219.1
Project("{FAE04EC0-301F-11D3-BF4B-00C04F79EFBC}") = "NahasBlyat", "NahasBlyat\NahasBlyat.csproj", "{A25A3677-9B2B-491F-B3F7-11D76DD3CB9D}"
EndProject
Global
	GlobalSection(SolutionConfigurationPlatforms) = preSolution
		Debug|Any CPU = Debug|Any CPU
		Release|Any CPU = Release|Any CPU
	EndGlobalSection
	GlobalSection(ProjectConfigurationPlatforms) = postSolution
		{A25A3677-9B2B-491F-B3F7-11D76DD3CB9D}.Debug|Any CPU.ActiveCfg = Debug|Any CPU
		{A25A3677-9B2B-491F-B3F7-11D76DD3CB9D}.Debug|Any CPU.Build.0 = Debug|Any CPU
		{A25A3677-9B2B-491F-B3F7-11D76DD3CB9D}.Release|Any CPU.ActiveCfg = Release|Any CPU
		{A25A3677-9B2B-491F-B3F7-11D76DD3CB9D}.Release|Any CPU.Build.0 = Release|Any CPU
	EndGlobalSection
	GlobalSection(SolutionProperties) = preSolution
		HideSolutionNode = FALSE
	EndGlobalSection
	GlobalSection(ExtensibilityGlobals) = postSolution
		SolutionGuid = {9194A1CE-D61F-4ABF-8CA7-190A8755A84A}
	EndGlobalSection
EndGlobal
